
Microsoft Visual Studio Solution File, Format Version 12.00
# Visual Studio Version 17
VisualStudioVersion = 17.2.32526.322
MinimumVisualStudioVersion = 10.0.40219.1
Project("{9A19103F-16F7-4668-BE54-9A1E7A4F7556}") = "UserinterfaceTest", "UserinterfaceTest.csproj", "{769D8615-6583-4567-BF6F-77E82862726F}"
EndProject
Project("{FAE04EC0-301F-11D3-BF4B-00C04F79EFBC}") = "Framework", "..\Framework\Framework.csproj", "{4E6D7A3F-38DA-4D38-B7C6-04B8975F7A61}"
EndProject
Project("{FAE04EC0-301F-11D3-BF4B-00C04F79EFBC}") = "Definitions", "..\Definitions\Definitions.csproj", "{06AAC98C-177C-4E9A-9A5A-73D4C450ED39}"
EndProject
Global
	GlobalSection(SolutionConfigurationPlatforms) = preSolution
		Debug|Any CPU = Debug|Any CPU
		Debug|x64 = Debug|x64
		Release|Any CPU = Release|Any CPU
		Release|x64 = Release|x64
	EndGlobalSection
	GlobalSection(ProjectConfigurationPlatforms) = postSolution
		{769D8615-6583-4567-BF6F-77E82862726F}.Debug|Any CPU.ActiveCfg = Debug|Any CPU
		{769D8615-6583-4567-BF6F-77E82862726F}.Debug|Any CPU.Build.0 = Debug|Any CPU
		{769D8615-6583-4567-BF6F-77E82862726F}.Debug|x64.ActiveCfg = Debug|x64
		{769D8615-6583-4567-BF6F-77E82862726F}.Debug|x64.Build.0 = Debug|x64
		{769D8615-6583-4567-BF6F-77E82862726F}.Release|Any CPU.ActiveCfg = Release|Any CPU
		{769D8615-6583-4567-BF6F-77E82862726F}.Release|Any CPU.Build.0 = Release|Any CPU
		{769D8615-6583-4567-BF6F-77E82862726F}.Release|x64.ActiveCfg = Release|x64
		{769D8615-6583-4567-BF6F-77E82862726F}.Release|x64.Build.0 = Release|x64
		{4E6D7A3F-38DA-4D38-B7C6-04B8975F7A61}.Debug|Any CPU.ActiveCfg = Debug|Any CPU
		{4E6D7A3F-38DA-4D38-B7C6-04B8975F7A61}.Debug|Any CPU.Build.0 = Debug|Any CPU
		{4E6D7A3F-38DA-4D38-B7C6-04B8975F7A61}.Debug|x64.ActiveCfg = Debug|Any CPU
		{4E6D7A3F-38DA-4D38-B7C6-04B8975F7A61}.Debug|x64.Build.0 = Debug|Any CPU
		{4E6D7A3F-38DA-4D38-B7C6-04B8975F7A61}.Release|Any CPU.ActiveCfg = Release|Any CPU
		{4E6D7A3F-38DA-4D38-B7C6-04B8975F7A61}.Release|Any CPU.Build.0 = Release|Any CPU
		{4E6D7A3F-38DA-4D38-B7C6-04B8975F7A61}.Release|x64.ActiveCfg = Release|Any CPU
		{4E6D7A3F-38DA-4D38-B7C6-04B8975F7A61}.Release|x64.Build.0 = Release|Any CPU
		{06AAC98C-177C-4E9A-9A5A-73D4C450ED39}.Debug|Any CPU.ActiveCfg = Debug|Any CPU
		{06AAC98C-177C-4E9A-9A5A-73D4C450ED39}.Debug|Any CPU.Build.0 = Debug|Any CPU
		{06AAC98C-177C-4E9A-9A5A-73D4C450ED39}.Debug|x64.ActiveCfg = Debug|Any CPU
		{06AAC98C-177C-4E9A-9A5A-73D4C450ED39}.Debug|x64.Build.0 = Debug|Any CPU
		{06AAC98C-177C-4E9A-9A5A-73D4C450ED39}.Release|Any CPU.ActiveCfg = Release|Any CPU
		{06AAC98C-177C-4E9A-9A5A-73D4C450ED39}.Release|Any CPU.Build.0 = Release|Any CPU
		{06AAC98C-177C-4E9A-9A5A-73D4C450ED39}.Release|x64.ActiveCfg = Release|Any CPU
		{06AAC98C-177C-4E9A-9A5A-73D4C450ED39}.Release|x64.Build.0 = Release|Any CPU
	EndGlobalSection
	GlobalSection(SolutionProperties) = preSolution
		HideSolutionNode = FALSE
	EndGlobalSection
	GlobalSection(ExtensibilityGlobals) = postSolution
		SolutionGuid = {A3144380-5860-4BBB-8AE2-75A8C19D01C8}
	EndGlobalSection
EndGlobal
