
Microsoft Visual Studio Solution File, Format Version 12.00
# Visual Studio Version 17
VisualStudioVersion = 17.2.32526.322
MinimumVisualStudioVersion = 10.0.40219.1
Project("{FAE04EC0-301F-11D3-BF4B-00C04F79EFBC}") = "UserinterfaceTest", "UserinterfaceTest.csproj", "{769D8615-6583-4567-BF6F-77E82862726F}"
EndProject
Global
	GlobalSection(SolutionConfigurationPlatforms) = preSolution
		Debug|Any CPU = Debug|Any CPU
		Release|Any CPU = Release|Any CPU
	EndGlobalSection
	GlobalSection(ProjectConfigurationPlatforms) = postSolution
		{769D8615-6583-4567-BF6F-77E82862726F}.Debug|Any CPU.ActiveCfg = Debug|Any CPU
		{769D8615-6583-4567-BF6F-77E82862726F}.Debug|Any CPU.Build.0 = Debug|Any CPU
		{769D8615-6583-4567-BF6F-77E82862726F}.Release|Any CPU.ActiveCfg = Release|Any CPU
		{769D8615-6583-4567-BF6F-77E82862726F}.Release|Any CPU.Build.0 = Release|Any CPU
	EndGlobalSection
	GlobalSection(SolutionProperties) = preSolution
		HideSolutionNode = FALSE
	EndGlobalSection
	GlobalSection(ExtensibilityGlobals) = postSolution
		SolutionGuid = {A3144380-5860-4BBB-8AE2-75A8C19D01C8}
	EndGlobalSection
EndGlobal
